
Microsoft Visual Studio Solution File, Format Version 12.00
# Visual Studio Version 17
VisualStudioVersion = 17.6.33829.357
MinimumVisualStudioVersion = 10.0.40219.1
Project("{FAE04EC0-301F-11D3-BF4B-00C04F79EFBC}") = "daytwo-argocd-register-controller", "daytwo-argocd-register-controller.csproj", "{D2ECF460-8CED-4F76-8A0F-B7F7D98280F5}"
EndProject
Global
	GlobalSection(SolutionConfigurationPlatforms) = preSolution
		Debug|Any CPU = Debug|Any CPU
		Release|Any CPU = Release|Any CPU
	EndGlobalSection
	GlobalSection(ProjectConfigurationPlatforms) = postSolution
		{D2ECF460-8CED-4F76-8A0F-B7F7D98280F5}.Debug|Any CPU.ActiveCfg = Debug|Any CPU
		{D2ECF460-8CED-4F76-8A0F-B7F7D98280F5}.Debug|Any CPU.Build.0 = Debug|Any CPU
		{D2ECF460-8CED-4F76-8A0F-B7F7D98280F5}.Release|Any CPU.ActiveCfg = Release|Any CPU
		{D2ECF460-8CED-4F76-8A0F-B7F7D98280F5}.Release|Any CPU.Build.0 = Release|Any CPU
	EndGlobalSection
	GlobalSection(SolutionProperties) = preSolution
		HideSolutionNode = FALSE
	EndGlobalSection
	GlobalSection(ExtensibilityGlobals) = postSolution
		SolutionGuid = {317129D8-A24E-4A20-87BE-AE81128572EC}
	EndGlobalSection
EndGlobal
