
Microsoft Visual Studio Solution File, Format Version 12.00
# Visual Studio Version 17
VisualStudioVersion = 17.6.33829.357
MinimumVisualStudioVersion = 10.0.40219.1
Project("{FAE04EC0-301F-11D3-BF4B-00C04F79EFBC}") = "daytwo-argocd-pinniped-controller", "daytwo-argocd-pinniped-controller.csproj", "{5A879EDC-1F54-44B2-A52F-B499F63CAE3A}"
EndProject
Global
	GlobalSection(SolutionConfigurationPlatforms) = preSolution
		Debug|Any CPU = Debug|Any CPU
		Release|Any CPU = Release|Any CPU
	EndGlobalSection
	GlobalSection(ProjectConfigurationPlatforms) = postSolution
		{5A879EDC-1F54-44B2-A52F-B499F63CAE3A}.Debug|Any CPU.ActiveCfg = Debug|Any CPU
		{5A879EDC-1F54-44B2-A52F-B499F63CAE3A}.Debug|Any CPU.Build.0 = Debug|Any CPU
		{5A879EDC-1F54-44B2-A52F-B499F63CAE3A}.Release|Any CPU.ActiveCfg = Release|Any CPU
		{5A879EDC-1F54-44B2-A52F-B499F63CAE3A}.Release|Any CPU.Build.0 = Release|Any CPU
	EndGlobalSection
	GlobalSection(SolutionProperties) = preSolution
		HideSolutionNode = FALSE
	EndGlobalSection
	GlobalSection(ExtensibilityGlobals) = postSolution
		SolutionGuid = {740515E8-E660-4683-8759-936DF3938FF7}
	EndGlobalSection
EndGlobal
